// !$*UTF8*$!
{
	archiveVersion = 1;
	classes = {
	};
	objectVersion = 50;
	objects = {

/* Begin PBXBuildFile section */
		F39B0B41244413D800DCE85A /* AppDelegate.swift in Sources */ = {isa = PBXBuildFile; fileRef = F39B0B40244413D800DCE85A /* AppDelegate.swift */; };
		F39B0B43244413D800DCE85A /* SceneDelegate.swift in Sources */ = {isa = PBXBuildFile; fileRef = F39B0B42244413D800DCE85A /* SceneDelegate.swift */; };
		F39B0B45244413D800DCE85A /* ViewController.swift in Sources */ = {isa = PBXBuildFile; fileRef = F39B0B44244413D800DCE85A /* ViewController.swift */; };
		F39B0B48244413D800DCE85A /* Main.storyboard in Resources */ = {isa = PBXBuildFile; fileRef = F39B0B46244413D800DCE85A /* Main.storyboard */; };
		F39B0B4A244413D900DCE85A /* Assets.xcassets in Resources */ = {isa = PBXBuildFile; fileRef = F39B0B49244413D900DCE85A /* Assets.xcassets */; };
		F39B0B4D244413D900DCE85A /* LaunchScreen.storyboard in Resources */ = {isa = PBXBuildFile; fileRef = F39B0B4B244413D900DCE85A /* LaunchScreen.storyboard */; };
/* End PBXBuildFile section */

/* Begin PBXFileReference section */
		F39B0B3D244413D800DCE85A /* ExtraCredit-FoodOrderLoop-Jennifer-Nguyen.app */ = {isa = PBXFileReference; explicitFileType = wrapper.application; includeInIndex = 0; path = "ExtraCredit-FoodOrderLoop-Jennifer-Nguyen.app"; sourceTree = BUILT_PRODUCTS_DIR; };
		F39B0B40244413D800DCE85A /* AppDelegate.swift */ = {isa = PBXFileReference; lastKnownFileType = sourcecode.swift; path = AppDelegate.swift; sourceTree = "<group>"; };
		F39B0B42244413D800DCE85A /* SceneDelegate.swift */ = {isa = PBXFileReference; lastKnownFileType = sourcecode.swift; path = SceneDelegate.swift; sourceTree = "<group>"; };
		F39B0B44244413D800DCE85A /* ViewController.swift */ = {isa = PBXFileReference; lastKnownFileType = sourcecode.swift; path = ViewController.swift; sourceTree = "<group>"; };
		F39B0B47244413D800DCE85A /* Base */ = {isa = PBXFileReference; lastKnownFileType = file.storyboard; name = Base; path = Base.lproj/Main.storyboard; sourceTree = "<group>"; };
		F39B0B49244413D900DCE85A /* Assets.xcassets */ = {isa = PBXFileReference; lastKnownFileType = folder.assetcatalog; path = Assets.xcassets; sourceTree = "<group>"; };
		F39B0B4C244413D900DCE85A /* Base */ = {isa = PBXFileReference; lastKnownFileType = file.storyboard; name = Base; path = Base.lproj/LaunchScreen.storyboard; sourceTree = "<group>"; };
		F39B0B4E244413D900DCE85A /* Info.plist */ = {isa = PBXFileReference; lastKnownFileType = text.plist.xml; path = Info.plist; sourceTree = "<group>"; };
/* End PBXFileReference section */

/* Begin PBXFrameworksBuildPhase section */
		F39B0B3A244413D800DCE85A /* Frameworks */ = {
			isa = PBXFrameworksBuildPhase;
			buildActionMask = 2147483647;
			files = (
			);
			runOnlyForDeploymentPostprocessing = 0;
		};
/* End PBXFrameworksBuildPhase section */

/* Begin PBXGroup section */
		F39B0B34244413D800DCE85A = {
			isa = PBXGroup;
			children = (
				F39B0B3F244413D800DCE85A /* ExtraCredit-FoodOrderLoop-Jennifer-Nguyen */,
				F39B0B3E244413D800DCE85A /* Products */,
			);
			sourceTree = "<group>";
		};
		F39B0B3E244413D800DCE85A /* Products */ = {
			isa = PBXGroup;
			children = (
				F39B0B3D244413D800DCE85A /* ExtraCredit-FoodOrderLoop-Jennifer-Nguyen.app */,
			);
			name = Products;
			sourceTree = "<group>";
		};
		F39B0B3F244413D800DCE85A /* ExtraCredit-FoodOrderLoop-Jennifer-Nguyen */ = {
			isa = PBXGroup;
			children = (
				F39B0B40244413D800DCE85A /* AppDelegate.swift */,
				F39B0B42244413D800DCE85A /* SceneDelegate.swift */,
				F39B0B44244413D800DCE85A /* ViewController.swift */,
				F39B0B46244413D800DCE85A /* Main.storyboard */,
				F39B0B49244413D900DCE85A /* Assets.xcassets */,
				F39B0B4B244413D900DCE85A /* LaunchScreen.storyboard */,
				F39B0B4E244413D900DCE85A /* Info.plist */,
			);
			path = "ExtraCredit-FoodOrderLoop-Jennifer-Nguyen";
			sourceTree = "<group>";
		};
/* End PBXGroup section */

/* Begin PBXNativeTarget section */
		F39B0B3C244413D800DCE85A /* ExtraCredit-FoodOrderLoop-Jennifer-Nguyen */ = {
			isa = PBXNativeTarget;
			buildConfigurationList = F39B0B51244413D900DCE85A /* Build configuration list for PBXNativeTarget "ExtraCredit-FoodOrderLoop-Jennifer-Nguyen" */;
			buildPhases = (
				F39B0B39244413D800DCE85A /* Sources */,
				F39B0B3A244413D800DCE85A /* Frameworks */,
				F39B0B3B244413D800DCE85A /* Resources */,
			);
			buildRules = (
			);
			dependencies = (
			);
			name = "ExtraCredit-FoodOrderLoop-Jennifer-Nguyen";
			productName = "ExtraCredit-FoodOrderLoop-Jennifer-Nguyen";
			productReference = F39B0B3D244413D800DCE85A /* ExtraCredit-FoodOrderLoop-Jennifer-Nguyen.app */;
			productType = "com.apple.product-type.application";
		};
/* End PBXNativeTarget section */

/* Begin PBXProject section */
		F39B0B35244413D800DCE85A /* Project object */ = {
			isa = PBXProject;
			attributes = {
				LastSwiftUpdateCheck = 1130;
				LastUpgradeCheck = 1130;
				ORGANIZATIONNAME = "Jennifer Nguyen";
				TargetAttributes = {
					F39B0B3C244413D800DCE85A = {
						CreatedOnToolsVersion = 11.3.1;
					};
				};
			};
			buildConfigurationList = F39B0B38244413D800DCE85A /* Build configuration list for PBXProject "ExtraCredit-FoodOrderLoop-Jennifer-Nguyen" */;
			compatibilityVersion = "Xcode 9.3";
			developmentRegion = en;
			hasScannedForEncodings = 0;
			knownRegions = (
				en,
				Base,
			);
			mainGroup = F39B0B34244413D800DCE85A;
			productRefGroup = F39B0B3E244413D800DCE85A /* Products */;
			projectDirPath = "";
			projectRoot = "";
			targets = (
				F39B0B3C244413D800DCE85A /* ExtraCredit-FoodOrderLoop-Jennifer-Nguyen */,
			);
		};
/* End PBXProject section */

/* Begin PBXResourcesBuildPhase section */
		F39B0B3B244413D800DCE85A /* Resources */ = {
			isa = PBXResourcesBuildPhase;
			buildActionMask = 2147483647;
			files = (
				F39B0B4D244413D900DCE85A /* LaunchScreen.storyboard in Resources */,
				F39B0B4A244413D900DCE85A /* Assets.xcassets in Resources */,
				F39B0B48244413D800DCE85A /* Main.storyboard in Resources */,
			);
			runOnlyForDeploymentPostprocessing = 0;
		};
/* End PBXResourcesBuildPhase section */

/* Begin PBXSourcesBuildPhase section */
		F39B0B39244413D800DCE85A /* Sources */ = {
			isa = PBXSourcesBuildPhase;
			buildActionMask = 2147483647;
			files = (
				F39B0B45244413D800DCE85A /* ViewController.swift in Sources */,
				F39B0B41244413D800DCE85A /* AppDelegate.swift in Sources */,
				F39B0B43244413D800DCE85A /* SceneDelegate.swift in Sources */,
			);
			runOnlyForDeploymentPostprocessing = 0;
		};
/* End PBXSourcesBuildPhase section */

/* Begin PBXVariantGroup section */
		F39B0B46244413D800DCE85A /* Main.storyboard */ = {
			isa = PBXVariantGroup;
			children = (
				F39B0B47244413D800DCE85A /* Base */,
			);
			name = Main.storyboard;
			sourceTree = "<group>";
		};
		F39B0B4B244413D900DCE85A /* LaunchScreen.storyboard */ = {
			isa = PBXVariantGroup;
			children = (
				F39B0B4C244413D900DCE85A /* Base */,
			);
			name = LaunchScreen.storyboard;
			sourceTree = "<group>";
		};
/* End PBXVariantGroup section */

/* Begin XCBuildConfiguration section */
		F39B0B4F244413D900DCE85A /* Debug */ = {
			isa = XCBuildConfiguration;
			buildSettings = {
				ALWAYS_SEARCH_USER_PATHS = NO;
				CLANG_ANALYZER_NONNULL = YES;
				CLANG_ANALYZER_NUMBER_OBJECT_CONVERSION = YES_AGGRESSIVE;
				CLANG_CXX_LANGUAGE_STANDARD = "gnu++14";
				CLANG_CXX_LIBRARY = "libc++";
				CLANG_ENABLE_MODULES = YES;
				CLANG_ENABLE_OBJC_ARC = YES;
				CLANG_ENABLE_OBJC_WEAK = YES;
				CLANG_WARN_BLOCK_CAPTURE_AUTORELEASING = YES;
				CLANG_WARN_BOOL_CONVERSION = YES;
				CLANG_WARN_COMMA = YES;
				CLANG_WARN_CONSTANT_CONVERSION = YES;
				CLANG_WARN_DEPRECATED_OBJC_IMPLEMENTATIONS = YES;
				CLANG_WARN_DIRECT_OBJC_ISA_USAGE = YES_ERROR;
				CLANG_WARN_DOCUMENTATION_COMMENTS = YES;
				CLANG_WARN_EMPTY_BODY = YES;
				CLANG_WARN_ENUM_CONVERSION = YES;
				CLANG_WARN_INFINITE_RECURSION = YES;
				CLANG_WARN_INT_CONVERSION = YES;
				CLANG_WARN_NON_LITERAL_NULL_CONVERSION = YES;
				CLANG_WARN_OBJC_IMPLICIT_RETAIN_SELF = YES;
				CLANG_WARN_OBJC_LITERAL_CONVERSION = YES;
				CLANG_WARN_OBJC_ROOT_CLASS = YES_ERROR;
				CLANG_WARN_RANGE_LOOP_ANALYSIS = YES;
				CLANG_WARN_STRICT_PROTOTYPES = YES;
				CLANG_WARN_SUSPICIOUS_MOVE = YES;
				CLANG_WARN_UNGUARDED_AVAILABILITY = YES_AGGRESSIVE;
				CLANG_WARN_UNREACHABLE_CODE = YES;
				CLANG_WARN__DUPLICATE_METHOD_MATCH = YES;
				COPY_PHASE_STRIP = NO;
				DEBUG_INFORMATION_FORMAT = dwarf;
				ENABLE_STRICT_OBJC_MSGSEND = YES;
				ENABLE_TESTABILITY = YES;
				GCC_C_LANGUAGE_STANDARD = gnu11;
				GCC_DYNAMIC_NO_PIC = NO;
				GCC_NO_COMMON_BLOCKS = YES;
				GCC_OPTIMIZATION_LEVEL = 0;
				GCC_PREPROCESSOR_DEFINITIONS = (
					"DEBUG=1",
					"$(inherited)",
				);
				GCC_WARN_64_TO_32_BIT_CONVERSION = YES;
				GCC_WARN_ABOUT_RETURN_TYPE = YES_ERROR;
				GCC_WARN_UNDECLARED_SELECTOR = YES;
				GCC_WARN_UNINITIALIZED_AUTOS = YES_AGGRESSIVE;
				GCC_WARN_UNUSED_FUNCTION = YES;
				GCC_WARN_UNUSED_VARIABLE = YES;
				IPHONEOS_DEPLOYMENT_TARGET = 13.2;
				MTL_ENABLE_DEBUG_INFO = INCLUDE_SOURCE;
				MTL_FAST_MATH = YES;
				ONLY_ACTIVE_ARCH = YES;
				SDKROOT = iphoneos;
				SWIFT_ACTIVE_COMPILATION_CONDITIONS = DEBUG;
				SWIFT_OPTIMIZATION_LEVEL = "-Onone";
			};
			name = Debug;
		};
		F39B0B50244413D900DCE85A /* Release */ = {
			isa = XCBuildConfiguration;
			buildSettings = {
				ALWAYS_SEARCH_USER_PATHS = NO;
				CLANG_ANALYZER_NONNULL = YES;
				CLANG_ANALYZER_NUMBER_OBJECT_CONVERSION = YES_AGGRESSIVE;
				CLANG_CXX_LANGUAGE_STANDARD = "gnu++14";
				CLANG_CXX_LIBRARY = "libc++";
				CLANG_ENABLE_MODULES = YES;
				CLANG_ENABLE_OBJC_ARC = YES;
				CLANG_ENABLE_OBJC_WEAK = YES;
				CLANG_WARN_BLOCK_CAPTURE_AUTORELEASING = YES;
				CLANG_WARN_BOOL_CONVERSION = YES;
				CLANG_WARN_COMMA = YES;
				CLANG_WARN_CONSTANT_CONVERSION = YES;
				CLANG_WARN_DEPRECATED_OBJC_IMPLEMENTATIONS = YES;
				CLANG_WARN_DIRECT_OBJC_ISA_USAGE = YES_ERROR;
				CLANG_WARN_DOCUMENTATION_COMMENTS = YES;
				CLANG_WARN_EMPTY_BODY = YES;
				CLANG_WARN_ENUM_CONVERSION = YES;
				CLANG_WARN_INFINITE_RECURSION = YES;
				CLANG_WARN_INT_CONVERSION = YES;
				CLANG_WARN_NON_LITERAL_NULL_CONVERSION = YES;
				CLANG_WARN_OBJC_IMPLICIT_RETAIN_SELF = YES;
				CLANG_WARN_OBJC_LITERAL_CONVERSION = YES;
				CLANG_WARN_OBJC_ROOT_CLASS = YES_ERROR;
				CLANG_WARN_RANGE_LOOP_ANALYSIS = YES;
				CLANG_WARN_STRICT_PROTOTYPES = YES;
				CLANG_WARN_SUSPICIOUS_MOVE = YES;
				CLANG_WARN_UNGUARDED_AVAILABILITY = YES_AGGRESSIVE;
				CLANG_WARN_UNREACHABLE_CODE = YES;
				CLANG_WARN__DUPLICATE_METHOD_MATCH = YES;
				COPY_PHASE_STRIP = NO;
				DEBUG_INFORMATION_FORMAT = "dwarf-with-dsym";
				ENABLE_NS_ASSERTIONS = NO;
				ENABLE_STRICT_OBJC_MSGSEND = YES;
				GCC_C_LANGUAGE_STANDARD = gnu11;
				GCC_NO_COMMON_BLOCKS = YES;
				GCC_WARN_64_TO_32_BIT_CONVERSION = YES;
				GCC_WARN_ABOUT_RETURN_TYPE = YES_ERROR;
				GCC_WARN_UNDECLARED_SELECTOR = YES;
				GCC_WARN_UNINITIALIZED_AUTOS = YES_AGGRESSIVE;
				GCC_WARN_UNUSED_FUNCTION = YES;
				GCC_WARN_UNUSED_VARIABLE = YES;
				IPHONEOS_DEPLOYMENT_TARGET = 13.2;
				MTL_ENABLE_DEBUG_INFO = NO;
				MTL_FAST_MATH = YES;
				SDKROOT = iphoneos;
				SWIFT_COMPILATION_MODE = wholemodule;
				SWIFT_OPTIMIZATION_LEVEL = "-O";
				VALIDATE_PRODUCT = YES;
			};
			name = Release;
		};
		F39B0B52244413D900DCE85A /* Debug */ = {
			isa = XCBuildConfiguration;
			buildSettings = {
				ASSETCATALOG_COMPILER_APPICON_NAME = AppIcon;
				CODE_SIGN_STYLE = Automatic;
				INFOPLIST_FILE = "ExtraCredit-FoodOrderLoop-Jennifer-Nguyen/Info.plist";
				LD_RUNPATH_SEARCH_PATHS = (
					"$(inherited)",
					"@executable_path/Frameworks",
				);
				PRODUCT_BUNDLE_IDENTIFIER = "com.nguyen.ExtraCredit-FoodOrderLoop-Jennifer-Nguyen";
				PRODUCT_NAME = "$(TARGET_NAME)";
				SWIFT_VERSION = 5.0;
				TARGETED_DEVICE_FAMILY = "1,2";
			};
			name = Debug;
		};
		F39B0B53244413D900DCE85A /* Release */ = {
			isa = XCBuildConfiguration;
			buildSettings = {
				ASSETCATALOG_COMPILER_APPICON_NAME = AppIcon;
				CODE_SIGN_STYLE = Automatic;
				INFOPLIST_FILE = "ExtraCredit-FoodOrderLoop-Jennifer-Nguyen/Info.plist";
				LD_RUNPATH_SEARCH_PATHS = (
					"$(inherited)",
					"@executable_path/Frameworks",
				);
				PRODUCT_BUNDLE_IDENTIFIER = "com.nguyen.ExtraCredit-FoodOrderLoop-Jennifer-Nguyen";
				PRODUCT_NAME = "$(TARGET_NAME)";
				SWIFT_VERSION = 5.0;
				TARGETED_DEVICE_FAMILY = "1,2";
			};
			name = Release;
		};
/* End XCBuildConfiguration section */

/* Begin XCConfigurationList section */
		F39B0B38244413D800DCE85A /* Build configuration list for PBXProject "ExtraCredit-FoodOrderLoop-Jennifer-Nguyen" */ = {
			isa = XCConfigurationList;
			buildConfigurations = (
				F39B0B4F244413D900DCE85A /* Debug */,
				F39B0B50244413D900DCE85A /* Release */,
			);
			defaultConfigurationIsVisible = 0;
			defaultConfigurationName = Release;
		};
		F39B0B51244413D900DCE85A /* Build configuration list for PBXNativeTarget "ExtraCredit-FoodOrderLoop-Jennifer-Nguyen" */ = {
			isa = XCConfigurationList;
			buildConfigurations = (
				F39B0B52244413D900DCE85A /* Debug */,
				F39B0B53244413D900DCE85A /* Release */,
			);
			defaultConfigurationIsVisible = 0;
			defaultConfigurationName = Release;
		};
/* End XCConfigurationList section */
	};
	rootObject = F39B0B35244413D800DCE85A /* Project object */;
}
